
Microsoft Visual Studio Solution File, Format Version 12.00
# Visual Studio Version 16
VisualStudioVersion = 16.0.30611.23
MinimumVisualStudioVersion = 10.0.40219.1
Project("{FAE04EC0-301F-11D3-BF4B-00C04F79EFBC}") = "Лаба 5", "Лаба 5\Лаба 5.csproj", "{3E55020A-1035-46C3-AEFB-6C6B9194F247}"
EndProject
Global
	GlobalSection(SolutionConfigurationPlatforms) = preSolution
		Debug|Any CPU = Debug|Any CPU
		Release|Any CPU = Release|Any CPU
	EndGlobalSection
	GlobalSection(ProjectConfigurationPlatforms) = postSolution
		{3E55020A-1035-46C3-AEFB-6C6B9194F247}.Debug|Any CPU.ActiveCfg = Debug|Any CPU
		{3E55020A-1035-46C3-AEFB-6C6B9194F247}.Debug|Any CPU.Build.0 = Debug|Any CPU
		{3E55020A-1035-46C3-AEFB-6C6B9194F247}.Release|Any CPU.ActiveCfg = Release|Any CPU
		{3E55020A-1035-46C3-AEFB-6C6B9194F247}.Release|Any CPU.Build.0 = Release|Any CPU
	EndGlobalSection
	GlobalSection(SolutionProperties) = preSolution
		HideSolutionNode = FALSE
	EndGlobalSection
	GlobalSection(ExtensibilityGlobals) = postSolution
		SolutionGuid = {A5326EEF-D8B9-4F9E-BE8A-E048143ED86C}
	EndGlobalSection
EndGlobal
